
Microsoft Visual Studio Solution File, Format Version 12.00
# Visual Studio Version 17
VisualStudioVersion = 17.13.35913.81 d17.13
MinimumVisualStudioVersion = 10.0.40219.1
Project("{FAE04EC0-301F-11D3-BF4B-00C04F79EFBC}") = "MachinesTelemetry.Data", "src\MachinesTelemetry.Data\MachinesTelemetry.Data.csproj", "{D9F26A37-2EEB-42E0-A64A-C0A35E2A425D}"
EndProject
Project("{FAE04EC0-301F-11D3-BF4B-00C04F79EFBC}") = "MachinesTelemetry.Business", "src\MachinesTelemetry.Business\MachinesTelemetry.Business.csproj", "{5F9C4967-09E7-4443-83D4-1A6E9CC2CBEE}"
EndProject
Project("{FAE04EC0-301F-11D3-BF4B-00C04F79EFBC}") = "MachinesTelemetry.Api", "src\MachinesTelemetry.Api\MachinesTelemetry.Api.csproj", "{70EC4010-82AF-4352-A6FF-4E35AD36DBDC}"
EndProject
Global
	GlobalSection(SolutionConfigurationPlatforms) = preSolution
		Debug|Any CPU = Debug|Any CPU
		Release|Any CPU = Release|Any CPU
	EndGlobalSection
	GlobalSection(ProjectConfigurationPlatforms) = postSolution
		{D9F26A37-2EEB-42E0-A64A-C0A35E2A425D}.Debug|Any CPU.ActiveCfg = Debug|Any CPU
		{D9F26A37-2EEB-42E0-A64A-C0A35E2A425D}.Debug|Any CPU.Build.0 = Debug|Any CPU
		{D9F26A37-2EEB-42E0-A64A-C0A35E2A425D}.Release|Any CPU.ActiveCfg = Release|Any CPU
		{D9F26A37-2EEB-42E0-A64A-C0A35E2A425D}.Release|Any CPU.Build.0 = Release|Any CPU
		{5F9C4967-09E7-4443-83D4-1A6E9CC2CBEE}.Debug|Any CPU.ActiveCfg = Debug|Any CPU
		{5F9C4967-09E7-4443-83D4-1A6E9CC2CBEE}.Debug|Any CPU.Build.0 = Debug|Any CPU
		{5F9C4967-09E7-4443-83D4-1A6E9CC2CBEE}.Release|Any CPU.ActiveCfg = Release|Any CPU
		{5F9C4967-09E7-4443-83D4-1A6E9CC2CBEE}.Release|Any CPU.Build.0 = Release|Any CPU
		{70EC4010-82AF-4352-A6FF-4E35AD36DBDC}.Debug|Any CPU.ActiveCfg = Debug|Any CPU
		{70EC4010-82AF-4352-A6FF-4E35AD36DBDC}.Debug|Any CPU.Build.0 = Debug|Any CPU
		{70EC4010-82AF-4352-A6FF-4E35AD36DBDC}.Release|Any CPU.ActiveCfg = Release|Any CPU
		{70EC4010-82AF-4352-A6FF-4E35AD36DBDC}.Release|Any CPU.Build.0 = Release|Any CPU
	EndGlobalSection
	GlobalSection(SolutionProperties) = preSolution
		HideSolutionNode = FALSE
	EndGlobalSection
	GlobalSection(ExtensibilityGlobals) = postSolution
		SolutionGuid = {17C59595-596C-4EC6-B5AB-D0D948E96817}
	EndGlobalSection
EndGlobal
